
Microsoft Visual Studio Solution File, Format Version 12.00
# Visual Studio Version 16
VisualStudioVersion = 16.0.30804.86
MinimumVisualStudioVersion = 10.0.40219.1
Project("{FAE04EC0-301F-11D3-BF4B-00C04F79EFBC}") = "RustItemListCreator", "RustItemListCreator.csproj", "{E9859511-9224-442E-94EB-68FE3BCB36EB}"
EndProject
Global
	GlobalSection(SolutionConfigurationPlatforms) = preSolution
		Debug|Any CPU = Debug|Any CPU
		Release|Any CPU = Release|Any CPU
	EndGlobalSection
	GlobalSection(ProjectConfigurationPlatforms) = postSolution
		{E9859511-9224-442E-94EB-68FE3BCB36EB}.Debug|Any CPU.ActiveCfg = Debug|Any CPU
		{E9859511-9224-442E-94EB-68FE3BCB36EB}.Debug|Any CPU.Build.0 = Debug|Any CPU
		{E9859511-9224-442E-94EB-68FE3BCB36EB}.Release|Any CPU.ActiveCfg = Release|Any CPU
		{E9859511-9224-442E-94EB-68FE3BCB36EB}.Release|Any CPU.Build.0 = Release|Any CPU
	EndGlobalSection
	GlobalSection(SolutionProperties) = preSolution
		HideSolutionNode = FALSE
	EndGlobalSection
	GlobalSection(ExtensibilityGlobals) = postSolution
		SolutionGuid = {671934C6-4BB0-491E-835A-89A774C3090D}
	EndGlobalSection
EndGlobal
